
Microsoft Visual Studio Solution File, Format Version 12.00
# Visual Studio Version 16
VisualStudioVersion = 16.0.32106.194
MinimumVisualStudioVersion = 10.0.40219.1
Project("{FAE04EC0-301F-11D3-BF4B-00C04F79EFBC}") = "MVC_Example", "MVC_Example\MVC_Example.csproj", "{4028E5B7-98E2-4540-8E49-80BB7C7D12D2}"
EndProject
Project("{FAE04EC0-301F-11D3-BF4B-00C04F79EFBC}") = "EntityLayer", "EntityLayer\EntityLayer.csproj", "{842EF10E-A2D6-42CF-80D4-6851398C8522}"
EndProject
Project("{FAE04EC0-301F-11D3-BF4B-00C04F79EFBC}") = "BusinessLayer", "BusinessLayer\BusinessLayer.csproj", "{26F61C4A-B7BD-4F8B-8C5E-33FC83819B96}"
EndProject
Project("{FAE04EC0-301F-11D3-BF4B-00C04F79EFBC}") = "DataAccessLayer", "DataAccessLayer\DataAccessLayer.csproj", "{0B72E32F-95EE-4732-AE51-ADEC9C4912B6}"
EndProject
Global
	GlobalSection(SolutionConfigurationPlatforms) = preSolution
		Debug|Any CPU = Debug|Any CPU
		Release|Any CPU = Release|Any CPU
	EndGlobalSection
	GlobalSection(ProjectConfigurationPlatforms) = postSolution
		{4028E5B7-98E2-4540-8E49-80BB7C7D12D2}.Debug|Any CPU.ActiveCfg = Debug|Any CPU
		{4028E5B7-98E2-4540-8E49-80BB7C7D12D2}.Debug|Any CPU.Build.0 = Debug|Any CPU
		{4028E5B7-98E2-4540-8E49-80BB7C7D12D2}.Release|Any CPU.ActiveCfg = Release|Any CPU
		{4028E5B7-98E2-4540-8E49-80BB7C7D12D2}.Release|Any CPU.Build.0 = Release|Any CPU
		{842EF10E-A2D6-42CF-80D4-6851398C8522}.Debug|Any CPU.ActiveCfg = Debug|Any CPU
		{842EF10E-A2D6-42CF-80D4-6851398C8522}.Debug|Any CPU.Build.0 = Debug|Any CPU
		{842EF10E-A2D6-42CF-80D4-6851398C8522}.Release|Any CPU.ActiveCfg = Release|Any CPU
		{842EF10E-A2D6-42CF-80D4-6851398C8522}.Release|Any CPU.Build.0 = Release|Any CPU
		{26F61C4A-B7BD-4F8B-8C5E-33FC83819B96}.Debug|Any CPU.ActiveCfg = Debug|Any CPU
		{26F61C4A-B7BD-4F8B-8C5E-33FC83819B96}.Debug|Any CPU.Build.0 = Debug|Any CPU
		{26F61C4A-B7BD-4F8B-8C5E-33FC83819B96}.Release|Any CPU.ActiveCfg = Release|Any CPU
		{26F61C4A-B7BD-4F8B-8C5E-33FC83819B96}.Release|Any CPU.Build.0 = Release|Any CPU
		{0B72E32F-95EE-4732-AE51-ADEC9C4912B6}.Debug|Any CPU.ActiveCfg = Debug|Any CPU
		{0B72E32F-95EE-4732-AE51-ADEC9C4912B6}.Debug|Any CPU.Build.0 = Debug|Any CPU
		{0B72E32F-95EE-4732-AE51-ADEC9C4912B6}.Release|Any CPU.ActiveCfg = Release|Any CPU
		{0B72E32F-95EE-4732-AE51-ADEC9C4912B6}.Release|Any CPU.Build.0 = Release|Any CPU
	EndGlobalSection
	GlobalSection(SolutionProperties) = preSolution
		HideSolutionNode = FALSE
	EndGlobalSection
	GlobalSection(ExtensibilityGlobals) = postSolution
		SolutionGuid = {E503F99A-7FAC-4DC4-9808-9DA382CD993F}
	EndGlobalSection
EndGlobal
